
Microsoft Visual Studio Solution File, Format Version 12.00
# Visual Studio Version 16
VisualStudioVersion = 16.0.31729.503
MinimumVisualStudioVersion = 10.0.40219.1
Project("{8BC9CEB8-8B4A-11D0-8D11-00A0C91BC942}") = "Pirma_uzduotis", "Pirma_uzduotis.vcxproj", "{6AF8E5D3-075D-42D3-92A2-0D95A562E5A6}"
EndProject
Project("{8BC9CEB8-8B4A-11D0-8D11-00A0C91BC942}") = "GoogleTest", "..\GoogleTest\GoogleTest.vcxproj", "{61AFB191-0DD7-4430-9F3C-7A163BC48AB1}"
EndProject
Project("{54435603-DBB4-11D2-8724-00A0C9A8B90C}") = "Setup", "..\Setup\Setup.vdproj", "{1001EB94-E443-4300-93FA-8BB5809B3912}"
EndProject
Global
	GlobalSection(SolutionConfigurationPlatforms) = preSolution
		Debug|x64 = Debug|x64
		Debug|x86 = Debug|x86
		Release|x64 = Release|x64
		Release|x86 = Release|x86
	EndGlobalSection
	GlobalSection(ProjectConfigurationPlatforms) = postSolution
		{6AF8E5D3-075D-42D3-92A2-0D95A562E5A6}.Debug|x64.ActiveCfg = Debug|x64
		{6AF8E5D3-075D-42D3-92A2-0D95A562E5A6}.Debug|x64.Build.0 = Debug|x64
		{6AF8E5D3-075D-42D3-92A2-0D95A562E5A6}.Debug|x86.ActiveCfg = Debug|Win32
		{6AF8E5D3-075D-42D3-92A2-0D95A562E5A6}.Debug|x86.Build.0 = Debug|Win32
		{6AF8E5D3-075D-42D3-92A2-0D95A562E5A6}.Release|x64.ActiveCfg = Release|x64
		{6AF8E5D3-075D-42D3-92A2-0D95A562E5A6}.Release|x64.Build.0 = Release|x64
		{6AF8E5D3-075D-42D3-92A2-0D95A562E5A6}.Release|x86.ActiveCfg = Release|Win32
		{6AF8E5D3-075D-42D3-92A2-0D95A562E5A6}.Release|x86.Build.0 = Release|Win32
		{61AFB191-0DD7-4430-9F3C-7A163BC48AB1}.Debug|x64.ActiveCfg = Debug|x64
		{61AFB191-0DD7-4430-9F3C-7A163BC48AB1}.Debug|x64.Build.0 = Debug|x64
		{61AFB191-0DD7-4430-9F3C-7A163BC48AB1}.Debug|x86.ActiveCfg = Debug|Win32
		{61AFB191-0DD7-4430-9F3C-7A163BC48AB1}.Debug|x86.Build.0 = Debug|Win32
		{61AFB191-0DD7-4430-9F3C-7A163BC48AB1}.Release|x64.ActiveCfg = Release|x64
		{61AFB191-0DD7-4430-9F3C-7A163BC48AB1}.Release|x64.Build.0 = Release|x64
		{61AFB191-0DD7-4430-9F3C-7A163BC48AB1}.Release|x86.ActiveCfg = Release|Win32
		{61AFB191-0DD7-4430-9F3C-7A163BC48AB1}.Release|x86.Build.0 = Release|Win32
		{1001EB94-E443-4300-93FA-8BB5809B3912}.Debug|x64.ActiveCfg = Debug
		{1001EB94-E443-4300-93FA-8BB5809B3912}.Debug|x86.ActiveCfg = Debug
		{1001EB94-E443-4300-93FA-8BB5809B3912}.Release|x64.ActiveCfg = Release
		{1001EB94-E443-4300-93FA-8BB5809B3912}.Release|x86.ActiveCfg = Release
	EndGlobalSection
	GlobalSection(SolutionProperties) = preSolution
		HideSolutionNode = FALSE
	EndGlobalSection
	GlobalSection(ExtensibilityGlobals) = postSolution
		SolutionGuid = {F5E32CE6-629C-4A54-BF81-D227D848C05A}
	EndGlobalSection
EndGlobal
